
Microsoft Visual Studio Solution File, Format Version 12.00
# Visual Studio Version 17
VisualStudioVersion = 17.4.33213.308
MinimumVisualStudioVersion = 10.0.40219.1
Project("{FAE04EC0-301F-11D3-BF4B-00C04F79EFBC}") = "InsuranceCorp.MVC", "InsuranceCorp.MVC\InsuranceCorp.MVC.csproj", "{ACC37A5D-D69E-4995-804F-AB66226AEED7}"
EndProject
Project("{2150E333-8FDC-42A3-9474-1A3956D46DE8}") = "Solution Items", "Solution Items", "{FFD61A2E-E9F2-458E-871D-0E2B20344147}"
	ProjectSection(SolutionItems) = preProject
		..\Training_notes.txt = ..\Training_notes.txt
	EndProjectSection
EndProject
Global
	GlobalSection(SolutionConfigurationPlatforms) = preSolution
		Debug|Any CPU = Debug|Any CPU
		Release|Any CPU = Release|Any CPU
	EndGlobalSection
	GlobalSection(ProjectConfigurationPlatforms) = postSolution
		{ACC37A5D-D69E-4995-804F-AB66226AEED7}.Debug|Any CPU.ActiveCfg = Debug|Any CPU
		{ACC37A5D-D69E-4995-804F-AB66226AEED7}.Debug|Any CPU.Build.0 = Debug|Any CPU
		{ACC37A5D-D69E-4995-804F-AB66226AEED7}.Release|Any CPU.ActiveCfg = Release|Any CPU
		{ACC37A5D-D69E-4995-804F-AB66226AEED7}.Release|Any CPU.Build.0 = Release|Any CPU
	EndGlobalSection
	GlobalSection(SolutionProperties) = preSolution
		HideSolutionNode = FALSE
	EndGlobalSection
	GlobalSection(ExtensibilityGlobals) = postSolution
		SolutionGuid = {69C4B081-5FAF-4AEC-A371-F5ABE6D8EE43}
	EndGlobalSection
EndGlobal
